// !$*UTF8*$!
{
	archiveVersion = 1;
	classes = {
	};
	objectVersion = 46;
	objects = {

/* Begin PBXBuildFile section */
		EE649F031CE1927E008288AA /* AppDelegate.swift in Sources */ = {isa = PBXBuildFile; fileRef = EE649F021CE1927E008288AA /* AppDelegate.swift */; };
		EE649F051CE1927E008288AA /* ViewController.swift in Sources */ = {isa = PBXBuildFile; fileRef = EE649F041CE1927E008288AA /* ViewController.swift */; };
		EE649F081CE1927E008288AA /* Main.storyboard in Resources */ = {isa = PBXBuildFile; fileRef = EE649F061CE1927E008288AA /* Main.storyboard */; };
		EE649F0B1CE1927E008288AA /* ______.xcdatamodeld in Sources */ = {isa = PBXBuildFile; fileRef = EE649F091CE1927E008288AA /* ______.xcdatamodeld */; };
		EE649F0D1CE1927E008288AA /* Assets.xcassets in Resources */ = {isa = PBXBuildFile; fileRef = EE649F0C1CE1927E008288AA /* Assets.xcassets */; };
		EE649F101CE1927E008288AA /* LaunchScreen.storyboard in Resources */ = {isa = PBXBuildFile; fileRef = EE649F0E1CE1927E008288AA /* LaunchScreen.storyboard */; };
		EE649F1B1CE1927E008288AA /* ______Tests.swift in Sources */ = {isa = PBXBuildFile; fileRef = EE649F1A1CE1927E008288AA /* ______Tests.swift */; };
		EE649F261CE1927E008288AA /* ______UITests.swift in Sources */ = {isa = PBXBuildFile; fileRef = EE649F251CE1927E008288AA /* ______UITests.swift */; };
/* End PBXBuildFile section */

/* Begin PBXContainerItemProxy section */
		EE649F171CE1927E008288AA /* PBXContainerItemProxy */ = {
			isa = PBXContainerItemProxy;
			containerPortal = EE649EF71CE1927D008288AA /* Project object */;
			proxyType = 1;
			remoteGlobalIDString = EE649EFE1CE1927D008288AA;
			remoteInfo = "下拉列表试验";
		};
		EE649F221CE1927E008288AA /* PBXContainerItemProxy */ = {
			isa = PBXContainerItemProxy;
			containerPortal = EE649EF71CE1927D008288AA /* Project object */;
			proxyType = 1;
			remoteGlobalIDString = EE649EFE1CE1927D008288AA;
			remoteInfo = "下拉列表试验";
		};
/* End PBXContainerItemProxy section */

/* Begin PBXFileReference section */
		EE649EFF1CE1927D008288AA /* 下拉列表试验.app */ = {isa = PBXFileReference; explicitFileType = wrapper.application; includeInIndex = 0; path = "下拉列表试验.app"; sourceTree = BUILT_PRODUCTS_DIR; };
		EE649F021CE1927E008288AA /* AppDelegate.swift */ = {isa = PBXFileReference; lastKnownFileType = sourcecode.swift; path = AppDelegate.swift; sourceTree = "<group>"; };
		EE649F041CE1927E008288AA /* ViewController.swift */ = {isa = PBXFileReference; lastKnownFileType = sourcecode.swift; path = ViewController.swift; sourceTree = "<group>"; };
		EE649F071CE1927E008288AA /* Base */ = {isa = PBXFileReference; lastKnownFileType = file.storyboard; name = Base; path = Base.lproj/Main.storyboard; sourceTree = "<group>"; };
		EE649F0A1CE1927E008288AA /* ______.xcdatamodel */ = {isa = PBXFileReference; lastKnownFileType = wrapper.xcdatamodel; path = "______.xcdatamodel"; sourceTree = "<group>"; };
		EE649F0C1CE1927E008288AA /* Assets.xcassets */ = {isa = PBXFileReference; lastKnownFileType = folder.assetcatalog; path = Assets.xcassets; sourceTree = "<group>"; };
		EE649F0F1CE1927E008288AA /* Base */ = {isa = PBXFileReference; lastKnownFileType = file.storyboard; name = Base; path = Base.lproj/LaunchScreen.storyboard; sourceTree = "<group>"; };
		EE649F111CE1927E008288AA /* Info.plist */ = {isa = PBXFileReference; lastKnownFileType = text.plist.xml; path = Info.plist; sourceTree = "<group>"; };
		EE649F161CE1927E008288AA /* 下拉列表试验Tests.xctest */ = {isa = PBXFileReference; explicitFileType = wrapper.cfbundle; includeInIndex = 0; path = "下拉列表试验Tests.xctest"; sourceTree = BUILT_PRODUCTS_DIR; };
		EE649F1A1CE1927E008288AA /* ______Tests.swift */ = {isa = PBXFileReference; lastKnownFileType = sourcecode.swift; path = "______Tests.swift"; sourceTree = "<group>"; };
		EE649F1C1CE1927E008288AA /* Info.plist */ = {isa = PBXFileReference; lastKnownFileType = text.plist.xml; path = Info.plist; sourceTree = "<group>"; };
		EE649F211CE1927E008288AA /* 下拉列表试验UITests.xctest */ = {isa = PBXFileReference; explicitFileType = wrapper.cfbundle; includeInIndex = 0; path = "下拉列表试验UITests.xctest"; sourceTree = BUILT_PRODUCTS_DIR; };
		EE649F251CE1927E008288AA /* ______UITests.swift */ = {isa = PBXFileReference; lastKnownFileType = sourcecode.swift; path = "______UITests.swift"; sourceTree = "<group>"; };
		EE649F271CE1927E008288AA /* Info.plist */ = {isa = PBXFileReference; lastKnownFileType = text.plist.xml; path = Info.plist; sourceTree = "<group>"; };
/* End PBXFileReference section */

/* Begin PBXFrameworksBuildPhase section */
		EE649EFC1CE1927D008288AA /* Frameworks */ = {
			isa = PBXFrameworksBuildPhase;
			buildActionMask = 2147483647;
			files = (
			);
			runOnlyForDeploymentPostprocessing = 0;
		};
		EE649F131CE1927E008288AA /* Frameworks */ = {
			isa = PBXFrameworksBuildPhase;
			buildActionMask = 2147483647;
			files = (
			);
			runOnlyForDeploymentPostprocessing = 0;
		};
		EE649F1E1CE1927E008288AA /* Frameworks */ = {
			isa = PBXFrameworksBuildPhase;
			buildActionMask = 2147483647;
			files = (
			);
			runOnlyForDeploymentPostprocessing = 0;
		};
/* End PBXFrameworksBuildPhase section */

/* Begin PBXGroup section */
		EE649EF61CE1927D008288AA = {
			isa = PBXGroup;
			children = (
				EE649F011CE1927E008288AA /* 下拉列表试验 */,
				EE649F191CE1927E008288AA /* 下拉列表试验Tests */,
				EE649F241CE1927E008288AA /* 下拉列表试验UITests */,
				EE649F001CE1927D008288AA /* Products */,
			);
			sourceTree = "<group>";
		};
		EE649F001CE1927D008288AA /* Products */ = {
			isa = PBXGroup;
			children = (
				EE649EFF1CE1927D008288AA /* 下拉列表试验.app */,
				EE649F161CE1927E008288AA /* 下拉列表试验Tests.xctest */,
				EE649F211CE1927E008288AA /* 下拉列表试验UITests.xctest */,
			);
			name = Products;
			sourceTree = "<group>";
		};
		EE649F011CE1927E008288AA /* 下拉列表试验 */ = {
			isa = PBXGroup;
			children = (
				EE649F021CE1927E008288AA /* AppDelegate.swift */,
				EE649F041CE1927E008288AA /* ViewController.swift */,
				EE649F061CE1927E008288AA /* Main.storyboard */,
				EE649F0C1CE1927E008288AA /* Assets.xcassets */,
				EE649F0E1CE1927E008288AA /* LaunchScreen.storyboard */,
				EE649F111CE1927E008288AA /* Info.plist */,
				EE649F091CE1927E008288AA /* ______.xcdatamodeld */,
			);
			path = "下拉列表试验";
			sourceTree = "<group>";
		};
		EE649F191CE1927E008288AA /* 下拉列表试验Tests */ = {
			isa = PBXGroup;
			children = (
				EE649F1A1CE1927E008288AA /* ______Tests.swift */,
				EE649F1C1CE1927E008288AA /* Info.plist */,
			);
			path = "下拉列表试验Tests";
			sourceTree = "<group>";
		};
		EE649F241CE1927E008288AA /* 下拉列表试验UITests */ = {
			isa = PBXGroup;
			children = (
				EE649F251CE1927E008288AA /* ______UITests.swift */,
				EE649F271CE1927E008288AA /* Info.plist */,
			);
			path = "下拉列表试验UITests";
			sourceTree = "<group>";
		};
/* End PBXGroup section */

/* Begin PBXNativeTarget section */
		EE649EFE1CE1927D008288AA /* 下拉列表试验 */ = {
			isa = PBXNativeTarget;
			buildConfigurationList = EE649F2A1CE1927E008288AA /* Build configuration list for PBXNativeTarget "下拉列表试验" */;
			buildPhases = (
				EE649EFB1CE1927D008288AA /* Sources */,
				EE649EFC1CE1927D008288AA /* Frameworks */,
				EE649EFD1CE1927D008288AA /* Resources */,
			);
			buildRules = (
			);
			dependencies = (
			);
			name = "下拉列表试验";
			productName = "下拉列表试验";
			productReference = EE649EFF1CE1927D008288AA /* 下拉列表试验.app */;
			productType = "com.apple.product-type.application";
		};
		EE649F151CE1927E008288AA /* 下拉列表试验Tests */ = {
			isa = PBXNativeTarget;
			buildConfigurationList = EE649F2D1CE1927E008288AA /* Build configuration list for PBXNativeTarget "下拉列表试验Tests" */;
			buildPhases = (
				EE649F121CE1927E008288AA /* Sources */,
				EE649F131CE1927E008288AA /* Frameworks */,
				EE649F141CE1927E008288AA /* Resources */,
			);
			buildRules = (
			);
			dependencies = (
				EE649F181CE1927E008288AA /* PBXTargetDependency */,
			);
			name = "下拉列表试验Tests";
			productName = "下拉列表试验Tests";
			productReference = EE649F161CE1927E008288AA /* 下拉列表试验Tests.xctest */;
			productType = "com.apple.product-type.bundle.unit-test";
		};
		EE649F201CE1927E008288AA /* 下拉列表试验UITests */ = {
			isa = PBXNativeTarget;
			buildConfigurationList = EE649F301CE1927E008288AA /* Build configuration list for PBXNativeTarget "下拉列表试验UITests" */;
			buildPhases = (
				EE649F1D1CE1927E008288AA /* Sources */,
				EE649F1E1CE1927E008288AA /* Frameworks */,
				EE649F1F1CE1927E008288AA /* Resources */,
			);
			buildRules = (
			);
			dependencies = (
				EE649F231CE1927E008288AA /* PBXTargetDependency */,
			);
			name = "下拉列表试验UITests";
			productName = "下拉列表试验UITests";
			productReference = EE649F211CE1927E008288AA /* 下拉列表试验UITests.xctest */;
			productType = "com.apple.product-type.bundle.ui-testing";
		};
/* End PBXNativeTarget section */

/* Begin PBXProject section */
		EE649EF71CE1927D008288AA /* Project object */ = {
			isa = PBXProject;
			attributes = {
				LastSwiftUpdateCheck = 0730;
				LastUpgradeCheck = 0730;
				ORGANIZATIONNAME = "中盛恒通";
				TargetAttributes = {
					EE649EFE1CE1927D008288AA = {
						CreatedOnToolsVersion = 7.3.1;
						DevelopmentTeam = Z8ESG5963H;
					};
					EE649F151CE1927E008288AA = {
						CreatedOnToolsVersion = 7.3.1;
						DevelopmentTeam = Z8ESG5963H;
						TestTargetID = EE649EFE1CE1927D008288AA;
					};
					EE649F201CE1927E008288AA = {
						CreatedOnToolsVersion = 7.3.1;
						DevelopmentTeam = Z8ESG5963H;
						TestTargetID = EE649EFE1CE1927D008288AA;
					};
				};
			};
			buildConfigurationList = EE649EFA1CE1927D008288AA /* Build configuration list for PBXProject "下拉列表试验" */;
			compatibilityVersion = "Xcode 3.2";
			developmentRegion = English;
			hasScannedForEncodings = 0;
			knownRegions = (
				en,
				Base,
			);
			mainGroup = EE649EF61CE1927D008288AA;
			productRefGroup = EE649F001CE1927D008288AA /* Products */;
			projectDirPath = "";
			projectRoot = "";
			targets = (
				EE649EFE1CE1927D008288AA /* 下拉列表试验 */,
				EE649F151CE1927E008288AA /* 下拉列表试验Tests */,
				EE649F201CE1927E008288AA /* 下拉列表试验UITests */,
			);
		};
/* End PBXProject section */

/* Begin PBXResourcesBuildPhase section */
		EE649EFD1CE1927D008288AA /* Resources */ = {
			isa = PBXResourcesBuildPhase;
			buildActionMask = 2147483647;
			files = (
				EE649F101CE1927E008288AA /* LaunchScreen.storyboard in Resources */,
				EE649F0D1CE1927E008288AA /* Assets.xcassets in Resources */,
				EE649F081CE1927E008288AA /* Main.storyboard in Resources */,
			);
			runOnlyForDeploymentPostprocessing = 0;
		};
		EE649F141CE1927E008288AA /* Resources */ = {
			isa = PBXResourcesBuildPhase;
			buildActionMask = 2147483647;
			files = (
			);
			runOnlyForDeploymentPostprocessing = 0;
		};
		EE649F1F1CE1927E008288AA /* Resources */ = {
			isa = PBXResourcesBuildPhase;
			buildActionMask = 2147483647;
			files = (
			);
			runOnlyForDeploymentPostprocessing = 0;
		};
/* End PBXResourcesBuildPhase section */

/* Begin PBXSourcesBuildPhase section */
		EE649EFB1CE1927D008288AA /* Sources */ = {
			isa = PBXSourcesBuildPhase;
			buildActionMask = 2147483647;
			files = (
				EE649F0B1CE1927E008288AA /* ______.xcdatamodeld in Sources */,
				EE649F051CE1927E008288AA /* ViewController.swift in Sources */,
				EE649F031CE1927E008288AA /* AppDelegate.swift in Sources */,
			);
			runOnlyForDeploymentPostprocessing = 0;
		};
		EE649F121CE1927E008288AA /* Sources */ = {
			isa = PBXSourcesBuildPhase;
			buildActionMask = 2147483647;
			files = (
				EE649F1B1CE1927E008288AA /* ______Tests.swift in Sources */,
			);
			runOnlyForDeploymentPostprocessing = 0;
		};
		EE649F1D1CE1927E008288AA /* Sources */ = {
			isa = PBXSourcesBuildPhase;
			buildActionMask = 2147483647;
			files = (
				EE649F261CE1927E008288AA /* ______UITests.swift in Sources */,
			);
			runOnlyForDeploymentPostprocessing = 0;
		};
/* End PBXSourcesBuildPhase section */

/* Begin PBXTargetDependency section */
		EE649F181CE1927E008288AA /* PBXTargetDependency */ = {
			isa = PBXTargetDependency;
			target = EE649EFE1CE1927D008288AA /* 下拉列表试验 */;
			targetProxy = EE649F171CE1927E008288AA /* PBXContainerItemProxy */;
		};
		EE649F231CE1927E008288AA /* PBXTargetDependency */ = {
			isa = PBXTargetDependency;
			target = EE649EFE1CE1927D008288AA /* 下拉列表试验 */;
			targetProxy = EE649F221CE1927E008288AA /* PBXContainerItemProxy */;
		};
/* End PBXTargetDependency section */

/* Begin PBXVariantGroup section */
		EE649F061CE1927E008288AA /* Main.storyboard */ = {
			isa = PBXVariantGroup;
			children = (
				EE649F071CE1927E008288AA /* Base */,
			);
			name = Main.storyboard;
			sourceTree = "<group>";
		};
		EE649F0E1CE1927E008288AA /* LaunchScreen.storyboard */ = {
			isa = PBXVariantGroup;
			children = (
				EE649F0F1CE1927E008288AA /* Base */,
			);
			name = LaunchScreen.storyboard;
			sourceTree = "<group>";
		};
/* End PBXVariantGroup section */

/* Begin XCBuildConfiguration section */
		EE649F281CE1927E008288AA /* Debug */ = {
			isa = XCBuildConfiguration;
			buildSettings = {
				ALWAYS_SEARCH_USER_PATHS = NO;
				CLANG_ANALYZER_NONNULL = YES;
				CLANG_CXX_LANGUAGE_STANDARD = "gnu++0x";
				CLANG_CXX_LIBRARY = "libc++";
				CLANG_ENABLE_MODULES = YES;
				CLANG_ENABLE_OBJC_ARC = YES;
				CLANG_WARN_BOOL_CONVERSION = YES;
				CLANG_WARN_CONSTANT_CONVERSION = YES;
				CLANG_WARN_DIRECT_OBJC_ISA_USAGE = YES_ERROR;
				CLANG_WARN_EMPTY_BODY = YES;
				CLANG_WARN_ENUM_CONVERSION = YES;
				CLANG_WARN_INT_CONVERSION = YES;
				CLANG_WARN_OBJC_ROOT_CLASS = YES_ERROR;
				CLANG_WARN_UNREACHABLE_CODE = YES;
				CLANG_WARN__DUPLICATE_METHOD_MATCH = YES;
				"CODE_SIGN_IDENTITY[sdk=iphoneos*]" = "iPhone Developer";
				COPY_PHASE_STRIP = NO;
				DEBUG_INFORMATION_FORMAT = dwarf;
				ENABLE_STRICT_OBJC_MSGSEND = YES;
				ENABLE_TESTABILITY = YES;
				GCC_C_LANGUAGE_STANDARD = gnu99;
				GCC_DYNAMIC_NO_PIC = NO;
				GCC_NO_COMMON_BLOCKS = YES;
				GCC_OPTIMIZATION_LEVEL = 0;
				GCC_PREPROCESSOR_DEFINITIONS = (
					"DEBUG=1",
					"$(inherited)",
				);
				GCC_WARN_64_TO_32_BIT_CONVERSION = YES;
				GCC_WARN_ABOUT_RETURN_TYPE = YES_ERROR;
				GCC_WARN_UNDECLARED_SELECTOR = YES;
				GCC_WARN_UNINITIALIZED_AUTOS = YES_AGGRESSIVE;
				GCC_WARN_UNUSED_FUNCTION = YES;
				GCC_WARN_UNUSED_VARIABLE = YES;
				IPHONEOS_DEPLOYMENT_TARGET = 9.3;
				MTL_ENABLE_DEBUG_INFO = YES;
				ONLY_ACTIVE_ARCH = YES;
				SDKROOT = iphoneos;
				SWIFT_OPTIMIZATION_LEVEL = "-Onone";
			};
			name = Debug;
		};
		EE649F291CE1927E008288AA /* Release */ = {
			isa = XCBuildConfiguration;
			buildSettings = {
				ALWAYS_SEARCH_USER_PATHS = NO;
				CLANG_ANALYZER_NONNULL = YES;
				CLANG_CXX_LANGUAGE_STANDARD = "gnu++0x";
				CLANG_CXX_LIBRARY = "libc++";
				CLANG_ENABLE_MODULES = YES;
				CLANG_ENABLE_OBJC_ARC = YES;
				CLANG_WARN_BOOL_CONVERSION = YES;
				CLANG_WARN_CONSTANT_CONVERSION = YES;
				CLANG_WARN_DIRECT_OBJC_ISA_USAGE = YES_ERROR;
				CLANG_WARN_EMPTY_BODY = YES;
				CLANG_WARN_ENUM_CONVERSION = YES;
				CLANG_WARN_INT_CONVERSION = YES;
				CLANG_WARN_OBJC_ROOT_CLASS = YES_ERROR;
				CLANG_WARN_UNREACHABLE_CODE = YES;
				CLANG_WARN__DUPLICATE_METHOD_MATCH = YES;
				"CODE_SIGN_IDENTITY[sdk=iphoneos*]" = "iPhone Developer";
				COPY_PHASE_STRIP = NO;
				DEBUG_INFORMATION_FORMAT = "dwarf-with-dsym";
				ENABLE_NS_ASSERTIONS = NO;
				ENABLE_STRICT_OBJC_MSGSEND = YES;
				GCC_C_LANGUAGE_STANDARD = gnu99;
				GCC_NO_COMMON_BLOCKS = YES;
				GCC_WARN_64_TO_32_BIT_CONVERSION = YES;
				GCC_WARN_ABOUT_RETURN_TYPE = YES_ERROR;
				GCC_WARN_UNDECLARED_SELECTOR = YES;
				GCC_WARN_UNINITIALIZED_AUTOS = YES_AGGRESSIVE;
				GCC_WARN_UNUSED_FUNCTION = YES;
				GCC_WARN_UNUSED_VARIABLE = YES;
				IPHONEOS_DEPLOYMENT_TARGET = 9.3;
				MTL_ENABLE_DEBUG_INFO = NO;
				SDKROOT = iphoneos;
				VALIDATE_PRODUCT = YES;
			};
			name = Release;
		};
		EE649F2B1CE1927E008288AA /* Debug */ = {
			isa = XCBuildConfiguration;
			buildSettings = {
				ASSETCATALOG_COMPILER_APPICON_NAME = AppIcon;
				INFOPLIST_FILE = "下拉列表试验/Info.plist";
				LD_RUNPATH_SEARCH_PATHS = "$(inherited) @executable_path/Frameworks";
				PRODUCT_BUNDLE_IDENTIFIER = "Zhongshenghengtong-Energy-In-Technology-Development-CO.-LTD.------";
				PRODUCT_NAME = "$(TARGET_NAME)";
			};
			name = Debug;
		};
		EE649F2C1CE1927E008288AA /* Release */ = {
			isa = XCBuildConfiguration;
			buildSettings = {
				ASSETCATALOG_COMPILER_APPICON_NAME = AppIcon;
				INFOPLIST_FILE = "下拉列表试验/Info.plist";
				LD_RUNPATH_SEARCH_PATHS = "$(inherited) @executable_path/Frameworks";
				PRODUCT_BUNDLE_IDENTIFIER = "Zhongshenghengtong-Energy-In-Technology-Development-CO.-LTD.------";
				PRODUCT_NAME = "$(TARGET_NAME)";
			};
			name = Release;
		};
		EE649F2E1CE1927E008288AA /* Debug */ = {
			isa = XCBuildConfiguration;
			buildSettings = {
				BUNDLE_LOADER = "$(TEST_HOST)";
				INFOPLIST_FILE = "下拉列表试验Tests/Info.plist";
				LD_RUNPATH_SEARCH_PATHS = "$(inherited) @executable_path/Frameworks @loader_path/Frameworks";
				PRODUCT_BUNDLE_IDENTIFIER = "Zhongshenghengtong-Energy-In-Technology-Development-CO.-LTD.------Tests";
				PRODUCT_NAME = "$(TARGET_NAME)";
				TEST_HOST = "$(BUILT_PRODUCTS_DIR)/下拉列表试验.app/下拉列表试验";
			};
			name = Debug;
		};
		EE649F2F1CE1927E008288AA /* Release */ = {
			isa = XCBuildConfiguration;
			buildSettings = {
				BUNDLE_LOADER = "$(TEST_HOST)";
				INFOPLIST_FILE = "下拉列表试验Tests/Info.plist";
				LD_RUNPATH_SEARCH_PATHS = "$(inherited) @executable_path/Frameworks @loader_path/Frameworks";
				PRODUCT_BUNDLE_IDENTIFIER = "Zhongshenghengtong-Energy-In-Technology-Development-CO.-LTD.------Tests";
				PRODUCT_NAME = "$(TARGET_NAME)";
				TEST_HOST = "$(BUILT_PRODUCTS_DIR)/下拉列表试验.app/下拉列表试验";
			};
			name = Release;
		};
		EE649F311CE1927E008288AA /* Debug */ = {
			isa = XCBuildConfiguration;
			buildSettings = {
				INFOPLIST_FILE = "下拉列表试验UITests/Info.plist";
				LD_RUNPATH_SEARCH_PATHS = "$(inherited) @executable_path/Frameworks @loader_path/Frameworks";
				PRODUCT_BUNDLE_IDENTIFIER = "Zhongshenghengtong-Energy-In-Technology-Development-CO.-LTD.------UITests";
				PRODUCT_NAME = "$(TARGET_NAME)";
				TEST_TARGET_NAME = "下拉列表试验";
			};
			name = Debug;
		};
		EE649F321CE1927E008288AA /* Release */ = {
			isa = XCBuildConfiguration;
			buildSettings = {
				INFOPLIST_FILE = "下拉列表试验UITests/Info.plist";
				LD_RUNPATH_SEARCH_PATHS = "$(inherited) @executable_path/Frameworks @loader_path/Frameworks";
				PRODUCT_BUNDLE_IDENTIFIER = "Zhongshenghengtong-Energy-In-Technology-Development-CO.-LTD.------UITests";
				PRODUCT_NAME = "$(TARGET_NAME)";
				TEST_TARGET_NAME = "下拉列表试验";
			};
			name = Release;
		};
/* End XCBuildConfiguration section */

/* Begin XCConfigurationList section */
		EE649EFA1CE1927D008288AA /* Build configuration list for PBXProject "下拉列表试验" */ = {
			isa = XCConfigurationList;
			buildConfigurations = (
				EE649F281CE1927E008288AA /* Debug */,
				EE649F291CE1927E008288AA /* Release */,
			);
			defaultConfigurationIsVisible = 0;
			defaultConfigurationName = Release;
		};
		EE649F2A1CE1927E008288AA /* Build configuration list for PBXNativeTarget "下拉列表试验" */ = {
			isa = XCConfigurationList;
			buildConfigurations = (
				EE649F2B1CE1927E008288AA /* Debug */,
				EE649F2C1CE1927E008288AA /* Release */,
			);
			defaultConfigurationIsVisible = 0;
		};
		EE649F2D1CE1927E008288AA /* Build configuration list for PBXNativeTarget "下拉列表试验Tests" */ = {
			isa = XCConfigurationList;
			buildConfigurations = (
				EE649F2E1CE1927E008288AA /* Debug */,
				EE649F2F1CE1927E008288AA /* Release */,
			);
			defaultConfigurationIsVisible = 0;
		};
		EE649F301CE1927E008288AA /* Build configuration list for PBXNativeTarget "下拉列表试验UITests" */ = {
			isa = XCConfigurationList;
			buildConfigurations = (
				EE649F311CE1927E008288AA /* Debug */,
				EE649F321CE1927E008288AA /* Release */,
			);
			defaultConfigurationIsVisible = 0;
		};
/* End XCConfigurationList section */

/* Begin XCVersionGroup section */
		EE649F091CE1927E008288AA /* ______.xcdatamodeld */ = {
			isa = XCVersionGroup;
			children = (
				EE649F0A1CE1927E008288AA /* ______.xcdatamodel */,
			);
			currentVersion = EE649F0A1CE1927E008288AA /* ______.xcdatamodel */;
			path = "______.xcdatamodeld";
			sourceTree = "<group>";
			versionGroupType = wrapper.xcdatamodel;
		};
/* End XCVersionGroup section */
	};
	rootObject = EE649EF71CE1927D008288AA /* Project object */;
}
